<?xml version="1.0" encoding="utf-8"?>
<Project ToolsVersion="4.0" xmlns="http://schemas.microsoft.com/developer/msbuild/2003">
  <ItemGroup>
    <Filter Include="源文件">
      <UniqueIdentifier>{4FC737F1-C7A5-4376-A066-2A32D752A2FF}</UniqueIdentifier>
      <Extensions>cpp;c;cc;cxx;def;odl;idl;hpj;bat;asm;asmx</Extensions>
    </Filter>
    <Filter Include="头文件">
      <UniqueIdentifier>{93995380-89BD-4b04-88EB-625FBE52EBFB}</UniqueIdentifier>
      <Extensions>h;hh;hpp;hxx;hm;inl;inc;xsd</Extensions>
    </Filter>
    <Filter Include="资源文件">
      <UniqueIdentifier>{67DA6AB6-F800-4c08-8B7A-83BB121AAD01}</UniqueIdentifier>
      <Extensions>rc;ico;cur;bmp;dlg;rc2;rct;bin;rgs;gif;jpg;jpeg;jpe;resx;tiff;tif;png;wav;mfcribbon-ms</Extensions>
    </Filter>
    <Filter Include="ctrl">
      <UniqueIdentifier>{40698a5f-3df7-4246-94a8-65b0981b1cab}</UniqueIdentifier>
    </Filter>
    <Filter Include="ctrl\grid">
      <UniqueIdentifier>{f980b9f5-990b-48ff-806b-37e40f465722}</UniqueIdentifier>
    </Filter>
    <Filter Include="ctrl\cell">
      <UniqueIdentifier>{cc3a5df8-0334-4ba1-bcfe-da67f730a85b}</UniqueIdentifier>
    </Filter>
    <Filter Include="logictool">
      <UniqueIdentifier>{9f1e1fc0-0d86-465e-a510-113ef6339856}</UniqueIdentifier>
    </Filter>
    <Filter Include="attribute">
      <UniqueIdentifier>{4f7ee597-f4f3-4358-8499-de6cacb29350}</UniqueIdentifier>
    </Filter>
    <Filter Include="netMessage">
      <UniqueIdentifier>{9c8def1f-58ed-4dd8-8315-224f9176a3de}</UniqueIdentifier>
    </Filter>
    <Filter Include="cli_common">
      <UniqueIdentifier>{8031d898-2175-4d5c-8dad-2bfa80bca38b}</UniqueIdentifier>
    </Filter>
  </ItemGroup>
  <ItemGroup>
    <Text Include="ReadMe.txt" />
  </ItemGroup>
  <ItemGroup>
    <ClInclude Include="apolloParseEditor.h">
      <Filter>头文件</Filter>
    </ClInclude>
    <ClInclude Include="apolloParseEditorDlg.h">
      <Filter>头文件</Filter>
    </ClInclude>
    <ClInclude Include="stdafx.h">
      <Filter>头文件</Filter>
    </ClInclude>
    <ClInclude Include="targetver.h">
      <Filter>头文件</Filter>
    </ClInclude>
    <ClInclude Include="Resource.h">
      <Filter>头文件</Filter>
    </ClInclude>
    <ClInclude Include="ctrls\DlgAccel.h">
      <Filter>ctrl</Filter>
    </ClInclude>
    <ClInclude Include="ctrls\GradShow.h">
      <Filter>ctrl</Filter>
    </ClInclude>
    <ClInclude Include="ctrls\mydlg.h">
      <Filter>ctrl</Filter>
    </ClInclude>
    <ClInclude Include="ctrls\MyPopMenu.h">
      <Filter>ctrl</Filter>
    </ClInclude>
    <ClInclude Include="ctrls\GridCtrl_src\CellRange.h">
      <Filter>ctrl\grid</Filter>
    </ClInclude>
    <ClInclude Include="ctrls\GridCtrl_src\GridCell.h">
      <Filter>ctrl\grid</Filter>
    </ClInclude>
    <ClInclude Include="ctrls\GridCtrl_src\GridCellBase.h">
      <Filter>ctrl\grid</Filter>
    </ClInclude>
    <ClInclude Include="ctrls\GridCtrl_src\GridCtrl.h">
      <Filter>ctrl\grid</Filter>
    </ClInclude>
    <ClInclude Include="ctrls\GridCtrl_src\GridDropTarget.h">
      <Filter>ctrl\grid</Filter>
    </ClInclude>
    <ClInclude Include="ctrls\GridCtrl_src\InPlaceEdit.h">
      <Filter>ctrl\grid</Filter>
    </ClInclude>
    <ClInclude Include="ctrls\GridCtrl_src\MemDC.h">
      <Filter>ctrl\grid</Filter>
    </ClInclude>
    <ClInclude Include="ctrls\GridCtrl_src\TitleTip.h">
      <Filter>ctrl\grid</Filter>
    </ClInclude>
    <ClInclude Include="ctrls\NewCellTypes\GridCellCheck.h">
      <Filter>ctrl\cell</Filter>
    </ClInclude>
    <ClInclude Include="ctrls\NewCellTypes\GridCellCombo.h">
      <Filter>ctrl\cell</Filter>
    </ClInclude>
    <ClInclude Include="ctrls\NewCellTypes\GridCellDateTime.h">
      <Filter>ctrl\cell</Filter>
    </ClInclude>
    <ClInclude Include="ctrls\NewCellTypes\GridCellNumeric.h">
      <Filter>ctrl\cell</Filter>
    </ClInclude>
    <ClInclude Include="ctrls\NewCellTypes\GridURLCell.h">
      <Filter>ctrl\cell</Filter>
    </ClInclude>
    <ClInclude Include="XmlCfg.h">
      <Filter>头文件</Filter>
    </ClInclude>
    <ClInclude Include="InsertNodeListDlg.h">
      <Filter>头文件</Filter>
    </ClInclude>
    <ClInclude Include="..\..\logic_compile\logic_compile.h">
      <Filter>logictool</Filter>
    </ClInclude>
    <ClInclude Include="..\..\logic_compile\logicParser.h">
      <Filter>logictool</Filter>
    </ClInclude>
    <ClInclude Include="..\..\logic_compile\dbl_mgr.h">
      <Filter>logictool</Filter>
    </ClInclude>
    <ClInclude Include="..\..\logic_compile\logicDataType.h">
      <Filter>logictool</Filter>
    </ClInclude>
    <ClInclude Include="DlgFunclist.h">
      <Filter>头文件</Filter>
    </ClInclude>
    <ClInclude Include="..\..\logic_compile\objectBaseMgr.h">
      <Filter>logictool</Filter>
    </ClInclude>
    <ClInclude Include="DrawTreeCtrl.h">
      <Filter>头文件</Filter>
    </ClInclude>
    <ClInclude Include="..\..\logic_compile\logicEngineRoot.h">
      <Filter>logictool</Filter>
    </ClInclude>
    <ClInclude Include="..\..\attribute\attr_mgr.h">
      <Filter>attribute</Filter>
    </ClInclude>
    <ClInclude Include="..\..\attribute\roleattr_help.h">
      <Filter>attribute</Filter>
    </ClInclude>
    <ClInclude Include="..\..\attribute\stat_data.h">
      <Filter>attribute</Filter>
    </ClInclude>
    <ClInclude Include="..\..\attribute\stat_machine.h">
      <Filter>attribute</Filter>
    </ClInclude>
    <ClInclude Include="gmToolDlg.h">
      <Filter>头文件</Filter>
    </ClInclude>
    <ClInclude Include="..\..\netMessage\_msgid_export.h">
      <Filter>netMessage</Filter>
    </ClInclude>
    <ClInclude Include="..\..\netMessage\apollo_msg_entry.h">
      <Filter>netMessage</Filter>
    </ClInclude>
    <ClInclude Include="..\..\netMessage\auto_dataType.h">
      <Filter>netMessage</Filter>
    </ClInclude>
    <ClInclude Include="..\..\netMessage\auto_dataTypeDb_v1.h">
      <Filter>netMessage</Filter>
    </ClInclude>
    <ClInclude Include="..\..\netMessage\auto_macroDefine.h">
      <Filter>netMessage</Filter>
    </ClInclude>
    <ClInclude Include="..\..\netMessage\dataStream.h">
      <Filter>netMessage</Filter>
    </ClInclude>
    <ClInclude Include="..\..\netMessage\dbDataConvert.h">
      <Filter>netMessage</Filter>
    </ClInclude>
    <ClInclude Include="..\..\netMessage\message_inc.h">
      <Filter>netMessage</Filter>
    </ClInclude>
    <ClInclude Include="..\..\netMessage\MessageID.h">
      <Filter>netMessage</Filter>
    </ClInclude>
    <ClInclude Include="..\..\cli_common\apollo_robort.h">
      <Filter>cli_common</Filter>
    </ClInclude>
    <ClInclude Include="..\..\cli_common\gameMessage.h">
      <Filter>cli_common</Filter>
    </ClInclude>
    <ClInclude Include="..\..\cli_common\login_apollo.h">
      <Filter>cli_common</Filter>
    </ClInclude>
    <ClInclude Include="..\..\cli_common\netui_atl.h">
      <Filter>cli_common</Filter>
    </ClInclude>
    <ClInclude Include="..\..\logic_compile\logic_editor_helper.h">
      <Filter>logictool</Filter>
    </ClInclude>
    <ClInclude Include="NewfileDlg.h">
      <Filter>头文件</Filter>
    </ClInclude>
    <ClInclude Include="..\..\logic_compile\logic_function.h">
      <Filter>logictool</Filter>
    </ClInclude>
    <ClInclude Include="..\..\logic_compile\dbldata2netstream.h">
      <Filter>logictool</Filter>
    </ClInclude>
    <ClInclude Include="..\..\logic_compile\logicStruct.hpp">
      <Filter>logictool</Filter>
    </ClInclude>
    <ClInclude Include="..\..\cli_common\dftCliMsgHandler.h">
      <Filter>cli_common</Filter>
    </ClInclude>
  </ItemGroup>
  <ItemGroup>
    <ClCompile Include="apolloParseEditor.cpp">
      <Filter>源文件</Filter>
    </ClCompile>
    <ClCompile Include="apolloParseEditorDlg.cpp">
      <Filter>源文件</Filter>
    </ClCompile>
    <ClCompile Include="stdafx.cpp">
      <Filter>源文件</Filter>
    </ClCompile>
    <ClCompile Include="ctrls\DlgAccel.cpp">
      <Filter>ctrl</Filter>
    </ClCompile>
    <ClCompile Include="ctrls\GradShow.cpp">
      <Filter>ctrl</Filter>
    </ClCompile>
    <ClCompile Include="ctrls\MyPopMenu.cpp">
      <Filter>ctrl</Filter>
    </ClCompile>
    <ClCompile Include="ctrls\GridCtrl_src\GridCell.cpp">
      <Filter>ctrl\grid</Filter>
    </ClCompile>
    <ClCompile Include="ctrls\GridCtrl_src\GridCellBase.cpp">
      <Filter>ctrl\grid</Filter>
    </ClCompile>
    <ClCompile Include="ctrls\GridCtrl_src\GridCtrl.cpp">
      <Filter>ctrl\grid</Filter>
    </ClCompile>
    <ClCompile Include="ctrls\GridCtrl_src\GridDropTarget.cpp">
      <Filter>ctrl\grid</Filter>
    </ClCompile>
    <ClCompile Include="ctrls\GridCtrl_src\InPlaceEdit.cpp">
      <Filter>ctrl\grid</Filter>
    </ClCompile>
    <ClCompile Include="ctrls\GridCtrl_src\TitleTip.cpp">
      <Filter>ctrl\grid</Filter>
    </ClCompile>
    <ClCompile Include="ctrls\NewCellTypes\GridCellCheck.cpp">
      <Filter>ctrl\cell</Filter>
    </ClCompile>
    <ClCompile Include="ctrls\NewCellTypes\GridCellCombo.cpp">
      <Filter>ctrl\cell</Filter>
    </ClCompile>
    <ClCompile Include="ctrls\NewCellTypes\GridCellDateTime.cpp">
      <Filter>ctrl\cell</Filter>
    </ClCompile>
    <ClCompile Include="ctrls\NewCellTypes\GridCellNumeric.cpp">
      <Filter>ctrl\cell</Filter>
    </ClCompile>
    <ClCompile Include="ctrls\NewCellTypes\GridURLCell.cpp">
      <Filter>ctrl\cell</Filter>
    </ClCompile>
    <ClCompile Include="XmlCfg.cpp">
      <Filter>源文件</Filter>
    </ClCompile>
    <ClCompile Include="nd_winfont.cpp">
      <Filter>源文件</Filter>
    </ClCompile>
    <ClCompile Include="InsertNodeListDlg.cpp">
      <Filter>源文件</Filter>
    </ClCompile>
    <ClCompile Include="..\..\logic_compile\logic_compile.cpp">
      <Filter>logictool</Filter>
    </ClCompile>
    <ClCompile Include="..\..\logic_compile\logicParser.cpp">
      <Filter>logictool</Filter>
    </ClCompile>
    <ClCompile Include="..\..\logic_compile\dbl_mgr.cpp">
      <Filter>logictool</Filter>
    </ClCompile>
    <ClCompile Include="..\..\logic_compile\logicDataType.cpp">
      <Filter>logictool</Filter>
    </ClCompile>
    <ClCompile Include="DlgFunclist.cpp">
      <Filter>源文件</Filter>
    </ClCompile>
    <ClCompile Include="..\..\logic_compile\objectBaseMgr.cpp">
      <Filter>logictool</Filter>
    </ClCompile>
    <ClCompile Include="DrawTreeCtrl.cpp">
      <Filter>源文件</Filter>
    </ClCompile>
    <ClCompile Include="..\..\logic_compile\logicEngineRoot.cpp">
      <Filter>logictool</Filter>
    </ClCompile>
    <ClCompile Include="..\..\attribute\attr_mgr.cpp">
      <Filter>attribute</Filter>
    </ClCompile>
    <ClCompile Include="..\..\attribute\roleattr_help.cpp">
      <Filter>attribute</Filter>
    </ClCompile>
    <ClCompile Include="..\..\attribute\stat_data.cpp">
      <Filter>attribute</Filter>
    </ClCompile>
    <ClCompile Include="..\..\attribute\stat_machine.cpp">
      <Filter>attribute</Filter>
    </ClCompile>
    <ClCompile Include="gmToolDlg.cpp">
      <Filter>源文件</Filter>
    </ClCompile>
    <ClCompile Include="..\..\netMessage\auto_dataType.cpp">
      <Filter>netMessage</Filter>
    </ClCompile>
    <ClCompile Include="..\..\netMessage\auto_dataTypeDb_v1.cpp">
      <Filter>netMessage</Filter>
    </ClCompile>
    <ClCompile Include="..\..\netMessage\dataStream.cpp">
      <Filter>netMessage</Filter>
    </ClCompile>
    <ClCompile Include="..\..\netMessage\dbDataConvert.cpp">
      <Filter>netMessage</Filter>
    </ClCompile>
    <ClCompile Include="..\..\netMessage\MessageName.cpp">
      <Filter>netMessage</Filter>
    </ClCompile>
    <ClCompile Include="..\..\cli_common\apollo_robort.cpp">
      <Filter>cli_common</Filter>
    </ClCompile>
    <ClCompile Include="..\..\cli_common\gameMessage.cpp">
      <Filter>cli_common</Filter>
    </ClCompile>
    <ClCompile Include="..\..\cli_common\login_apollo.cpp">
      <Filter>cli_common</Filter>
    </ClCompile>
    <ClCompile Include="..\..\cli_common\netui_atl.cpp">
      <Filter>cli_common</Filter>
    </ClCompile>
    <ClCompile Include="..\..\logic_compile\logic_editor_helper.cpp">
      <Filter>logictool</Filter>
    </ClCompile>
    <ClCompile Include="NewfileDlg.cpp">
      <Filter>源文件</Filter>
    </ClCompile>
    <ClCompile Include="..\..\logic_compile\logic_function.cpp">
      <Filter>logictool</Filter>
    </ClCompile>
    <ClCompile Include="..\..\logic_compile\dbldata2netstream.cpp">
      <Filter>logictool</Filter>
    </ClCompile>
    <ClCompile Include="..\..\logic_compile\logicStruct.cpp">
      <Filter>logictool</Filter>
    </ClCompile>
    <ClCompile Include="..\..\cli_common\dftCliMsgHandler.cpp">
      <Filter>cli_common</Filter>
    </ClCompile>
  </ItemGroup>
  <ItemGroup>
    <ResourceCompile Include="apolloParseEditor.rc">
      <Filter>资源文件</Filter>
    </ResourceCompile>
  </ItemGroup>
  <ItemGroup>
    <None Include="res\apolloParseEditor.rc2">
      <Filter>资源文件</Filter>
    </None>
    <None Include="ClassDiagram.cd" />
    <None Include="..\..\attribute\Makefile">
      <Filter>attribute</Filter>
    </None>
  </ItemGroup>
  <ItemGroup>
    <Image Include="res\apolloParseEditor.ico">
      <Filter>资源文件</Filter>
    </Image>
    <Image Include="res\bitmap1.bmp">
      <Filter>资源文件</Filter>
    </Image>
  </ItemGroup>
  <ItemGroup>
    <Xml Include="..\run_config.xml">
      <Filter>资源文件</Filter>
    </Xml>
  </ItemGroup>
</Project>