
Microsoft Visual Studio Solution File, Format Version 12.00
# Visual Studio 15
VisualStudioVersion = 15.0.27428.2002
MinimumVisualStudioVersion = 10.0.40219.1
Project("{8BC9CEB8-8B4A-11D0-8D11-00A0C91BC942}") = "Robort", "Robort\Robort.vcxproj", "{9A52DC98-8BB1-4F61-A40D-D85F5FABECCD}"
	ProjectSection(ProjectDependencies) = postProject
		{2565503F-5B91-49F0-A48C-CE533AE6DCC0} = {2565503F-5B91-49F0-A48C-CE533AE6DCC0}
	EndProjectSection
EndProject
Project("{8BC9CEB8-8B4A-11D0-8D11-00A0C91BC942}") = "apollo_u3d", "apollo_u3d\apollo_u3d.vcxproj", "{7898DB31-725C-464D-ABB0-663D8459DDB6}"
EndProject
Project("{8BC9CEB8-8B4A-11D0-8D11-00A0C91BC942}") = "apollo_client", "apollo_client\apollo_client.vcxproj", "{2565503F-5B91-49F0-A48C-CE533AE6DCC0}"
EndProject
Project("{2150E333-8FDC-42A3-9474-1A3956D46DE8}") = "Libs", "Libs", "{AC7EFC99-1952-41F2-ACAC-848F14A2B20B}"
EndProject
Project("{2150E333-8FDC-42A3-9474-1A3956D46DE8}") = "Tools", "Tools", "{68D35C3A-2161-4CAB-955F-6AA97D1BA45A}"
EndProject
Project("{8BC9CEB8-8B4A-11D0-8D11-00A0C91BC942}") = "cmdline_tool", "cmdline_tool\cmdline_tool.vcxproj", "{A92EBB5C-00AB-44FC-9103-824B26B59AB1}"
	ProjectSection(ProjectDependencies) = postProject
		{2565503F-5B91-49F0-A48C-CE533AE6DCC0} = {2565503F-5B91-49F0-A48C-CE533AE6DCC0}
	EndProjectSection
EndProject
Project("{8BC9CEB8-8B4A-11D0-8D11-00A0C91BC942}") = "protocolBuilder", "protocolBuilder\protocolBuilder.vcxproj", "{5CB55A45-58B9-4638-AB98-75FDEF59458C}"
EndProject
Project("{8BC9CEB8-8B4A-11D0-8D11-00A0C91BC942}") = "ndclient_s", "..\..\ndsdk\vs\vs13\ndclient_s\ndclient_s.vcxproj", "{A3A77A64-318E-4F5F-BCC9-D4F690522851}"
EndProject
Project("{8BC9CEB8-8B4A-11D0-8D11-00A0C91BC942}") = "ndcommon_s", "..\..\ndsdk\vs\vs13\ndcommon_s\ndcommon_s.vcxproj", "{7F56C690-E138-4336-A623-34629926B8A3}"
EndProject
Project("{8BC9CEB8-8B4A-11D0-8D11-00A0C91BC942}") = "ndmonitor", "..\..\ndsdk\vs\vs13\ndmonitor\ndmonitor.vcxproj", "{BF51A1B8-F0A7-4CE9-A5DE-F1486F5499DA}"
EndProject
Project("{8BC9CEB8-8B4A-11D0-8D11-00A0C91BC942}") = "ndxmlset", "..\..\ndsdk\vs\vs13\ndxmlset\ndxmlset.vcxproj", "{00A19862-A352-4450-9E63-6D196280B8DE}"
EndProject
Project("{8BC9CEB8-8B4A-11D0-8D11-00A0C91BC942}") = "apolloEditor", "..\tool\apoEditor\apolloEditor.vcxproj", "{584F8ECB-8167-3994-BD22-7F8F4B1E523B}"
	ProjectSection(ProjectDependencies) = postProject
		{A3A77A64-318E-4F5F-BCC9-D4F690522851} = {A3A77A64-318E-4F5F-BCC9-D4F690522851}
		{B4212984-8576-328A-823D-AEC783FAC72F} = {B4212984-8576-328A-823D-AEC783FAC72F}
		{15895EB2-E8D7-47D2-9C79-4908F70264DC} = {15895EB2-E8D7-47D2-9C79-4908F70264DC}
	EndProjectSection
EndProject
Project("{8BC9CEB8-8B4A-11D0-8D11-00A0C91BC942}") = "ndcommon", "..\..\ndsdk\vs\vs13\ndcommon\ndcommon.vcxproj", "{8236BBCF-FEB2-4A70-A633-90488EE65D63}"
EndProject
Project("{8BC9CEB8-8B4A-11D0-8D11-00A0C91BC942}") = "apoBluePrint", "..\..\nodeflow\src\apolloEditorUI\apoBluePrint.vcxproj", "{B4212984-8576-328A-823D-AEC783FAC72F}"
EndProject
Project("{8BC9CEB8-8B4A-11D0-8D11-00A0C91BC942}") = "nfParser_md", "..\..\nodeflow\vs\nfParser_md\nfParser_md.vcxproj", "{15895EB2-E8D7-47D2-9C79-4908F70264DC}"
EndProject
Global
	GlobalSection(SolutionConfigurationPlatforms) = preSolution
		Debug|x64 = Debug|x64
		Debug|x86 = Debug|x86
		Release|x64 = Release|x64
		Release|x86 = Release|x86
	EndGlobalSection
	GlobalSection(ProjectConfigurationPlatforms) = postSolution
		{9A52DC98-8BB1-4F61-A40D-D85F5FABECCD}.Debug|x64.ActiveCfg = Debug|x64
		{9A52DC98-8BB1-4F61-A40D-D85F5FABECCD}.Debug|x64.Build.0 = Debug|x64
		{9A52DC98-8BB1-4F61-A40D-D85F5FABECCD}.Debug|x86.ActiveCfg = Debug|Win32
		{9A52DC98-8BB1-4F61-A40D-D85F5FABECCD}.Debug|x86.Build.0 = Debug|Win32
		{9A52DC98-8BB1-4F61-A40D-D85F5FABECCD}.Release|x64.ActiveCfg = Release|x64
		{9A52DC98-8BB1-4F61-A40D-D85F5FABECCD}.Release|x64.Build.0 = Release|x64
		{9A52DC98-8BB1-4F61-A40D-D85F5FABECCD}.Release|x86.ActiveCfg = Release|Win32
		{9A52DC98-8BB1-4F61-A40D-D85F5FABECCD}.Release|x86.Build.0 = Release|Win32
		{7898DB31-725C-464D-ABB0-663D8459DDB6}.Debug|x64.ActiveCfg = Debug|x64
		{7898DB31-725C-464D-ABB0-663D8459DDB6}.Debug|x64.Build.0 = Debug|x64
		{7898DB31-725C-464D-ABB0-663D8459DDB6}.Debug|x86.ActiveCfg = Debug|Win32
		{7898DB31-725C-464D-ABB0-663D8459DDB6}.Debug|x86.Build.0 = Debug|Win32
		{7898DB31-725C-464D-ABB0-663D8459DDB6}.Release|x64.ActiveCfg = Release|x64
		{7898DB31-725C-464D-ABB0-663D8459DDB6}.Release|x64.Build.0 = Release|x64
		{7898DB31-725C-464D-ABB0-663D8459DDB6}.Release|x86.ActiveCfg = Release|Win32
		{7898DB31-725C-464D-ABB0-663D8459DDB6}.Release|x86.Build.0 = Release|Win32
		{2565503F-5B91-49F0-A48C-CE533AE6DCC0}.Debug|x64.ActiveCfg = Debug|x64
		{2565503F-5B91-49F0-A48C-CE533AE6DCC0}.Debug|x64.Build.0 = Debug|x64
		{2565503F-5B91-49F0-A48C-CE533AE6DCC0}.Debug|x86.ActiveCfg = Debug|Win32
		{2565503F-5B91-49F0-A48C-CE533AE6DCC0}.Debug|x86.Build.0 = Debug|Win32
		{2565503F-5B91-49F0-A48C-CE533AE6DCC0}.Release|x64.ActiveCfg = Release|x64
		{2565503F-5B91-49F0-A48C-CE533AE6DCC0}.Release|x64.Build.0 = Release|x64
		{2565503F-5B91-49F0-A48C-CE533AE6DCC0}.Release|x86.ActiveCfg = Release|Win32
		{2565503F-5B91-49F0-A48C-CE533AE6DCC0}.Release|x86.Build.0 = Release|Win32
		{A92EBB5C-00AB-44FC-9103-824B26B59AB1}.Debug|x64.ActiveCfg = Debug|x64
		{A92EBB5C-00AB-44FC-9103-824B26B59AB1}.Debug|x64.Build.0 = Debug|x64
		{A92EBB5C-00AB-44FC-9103-824B26B59AB1}.Debug|x86.ActiveCfg = Debug|Win32
		{A92EBB5C-00AB-44FC-9103-824B26B59AB1}.Debug|x86.Build.0 = Debug|Win32
		{A92EBB5C-00AB-44FC-9103-824B26B59AB1}.Release|x64.ActiveCfg = Release|x64
		{A92EBB5C-00AB-44FC-9103-824B26B59AB1}.Release|x64.Build.0 = Release|x64
		{A92EBB5C-00AB-44FC-9103-824B26B59AB1}.Release|x86.ActiveCfg = Release|Win32
		{A92EBB5C-00AB-44FC-9103-824B26B59AB1}.Release|x86.Build.0 = Release|Win32
		{5CB55A45-58B9-4638-AB98-75FDEF59458C}.Debug|x64.ActiveCfg = Debug|x64
		{5CB55A45-58B9-4638-AB98-75FDEF59458C}.Debug|x64.Build.0 = Debug|x64
		{5CB55A45-58B9-4638-AB98-75FDEF59458C}.Debug|x86.ActiveCfg = Debug|Win32
		{5CB55A45-58B9-4638-AB98-75FDEF59458C}.Debug|x86.Build.0 = Debug|Win32
		{5CB55A45-58B9-4638-AB98-75FDEF59458C}.Release|x64.ActiveCfg = Release|x64
		{5CB55A45-58B9-4638-AB98-75FDEF59458C}.Release|x64.Build.0 = Release|x64
		{5CB55A45-58B9-4638-AB98-75FDEF59458C}.Release|x86.ActiveCfg = Release|Win32
		{5CB55A45-58B9-4638-AB98-75FDEF59458C}.Release|x86.Build.0 = Release|Win32
		{A3A77A64-318E-4F5F-BCC9-D4F690522851}.Debug|x64.ActiveCfg = Debug|x64
		{A3A77A64-318E-4F5F-BCC9-D4F690522851}.Debug|x64.Build.0 = Debug|x64
		{A3A77A64-318E-4F5F-BCC9-D4F690522851}.Debug|x86.ActiveCfg = Debug|Win32
		{A3A77A64-318E-4F5F-BCC9-D4F690522851}.Debug|x86.Build.0 = Debug|Win32
		{A3A77A64-318E-4F5F-BCC9-D4F690522851}.Release|x64.ActiveCfg = Release|x64
		{A3A77A64-318E-4F5F-BCC9-D4F690522851}.Release|x64.Build.0 = Release|x64
		{A3A77A64-318E-4F5F-BCC9-D4F690522851}.Release|x86.ActiveCfg = Release|Win32
		{A3A77A64-318E-4F5F-BCC9-D4F690522851}.Release|x86.Build.0 = Release|Win32
		{7F56C690-E138-4336-A623-34629926B8A3}.Debug|x64.ActiveCfg = Debug|x64
		{7F56C690-E138-4336-A623-34629926B8A3}.Debug|x64.Build.0 = Debug|x64
		{7F56C690-E138-4336-A623-34629926B8A3}.Debug|x86.ActiveCfg = Debug|Win32
		{7F56C690-E138-4336-A623-34629926B8A3}.Debug|x86.Build.0 = Debug|Win32
		{7F56C690-E138-4336-A623-34629926B8A3}.Release|x64.ActiveCfg = Release|x64
		{7F56C690-E138-4336-A623-34629926B8A3}.Release|x64.Build.0 = Release|x64
		{7F56C690-E138-4336-A623-34629926B8A3}.Release|x86.ActiveCfg = Release|Win32
		{7F56C690-E138-4336-A623-34629926B8A3}.Release|x86.Build.0 = Release|Win32
		{BF51A1B8-F0A7-4CE9-A5DE-F1486F5499DA}.Debug|x64.ActiveCfg = Debug|x64
		{BF51A1B8-F0A7-4CE9-A5DE-F1486F5499DA}.Debug|x64.Build.0 = Debug|x64
		{BF51A1B8-F0A7-4CE9-A5DE-F1486F5499DA}.Debug|x86.ActiveCfg = Debug|Win32
		{BF51A1B8-F0A7-4CE9-A5DE-F1486F5499DA}.Debug|x86.Build.0 = Debug|Win32
		{BF51A1B8-F0A7-4CE9-A5DE-F1486F5499DA}.Release|x64.ActiveCfg = Release|x64
		{BF51A1B8-F0A7-4CE9-A5DE-F1486F5499DA}.Release|x64.Build.0 = Release|x64
		{BF51A1B8-F0A7-4CE9-A5DE-F1486F5499DA}.Release|x86.ActiveCfg = Release|Win32
		{BF51A1B8-F0A7-4CE9-A5DE-F1486F5499DA}.Release|x86.Build.0 = Release|Win32
		{00A19862-A352-4450-9E63-6D196280B8DE}.Debug|x64.ActiveCfg = Debug|x64
		{00A19862-A352-4450-9E63-6D196280B8DE}.Debug|x64.Build.0 = Debug|x64
		{00A19862-A352-4450-9E63-6D196280B8DE}.Debug|x86.ActiveCfg = Debug|Win32
		{00A19862-A352-4450-9E63-6D196280B8DE}.Debug|x86.Build.0 = Debug|Win32
		{00A19862-A352-4450-9E63-6D196280B8DE}.Release|x64.ActiveCfg = Release|x64
		{00A19862-A352-4450-9E63-6D196280B8DE}.Release|x64.Build.0 = Release|x64
		{00A19862-A352-4450-9E63-6D196280B8DE}.Release|x86.ActiveCfg = Release|Win32
		{00A19862-A352-4450-9E63-6D196280B8DE}.Release|x86.Build.0 = Release|Win32
		{584F8ECB-8167-3994-BD22-7F8F4B1E523B}.Debug|x64.ActiveCfg = Debug|x64
		{584F8ECB-8167-3994-BD22-7F8F4B1E523B}.Debug|x64.Build.0 = Debug|x64
		{584F8ECB-8167-3994-BD22-7F8F4B1E523B}.Debug|x86.ActiveCfg = Debug|x64
		{584F8ECB-8167-3994-BD22-7F8F4B1E523B}.Release|x64.ActiveCfg = Release|x64
		{584F8ECB-8167-3994-BD22-7F8F4B1E523B}.Release|x64.Build.0 = Release|x64
		{584F8ECB-8167-3994-BD22-7F8F4B1E523B}.Release|x86.ActiveCfg = Release|x64
		{8236BBCF-FEB2-4A70-A633-90488EE65D63}.Debug|x64.ActiveCfg = Debug|x64
		{8236BBCF-FEB2-4A70-A633-90488EE65D63}.Debug|x64.Build.0 = Debug|x64
		{8236BBCF-FEB2-4A70-A633-90488EE65D63}.Debug|x86.ActiveCfg = Debug|Win32
		{8236BBCF-FEB2-4A70-A633-90488EE65D63}.Debug|x86.Build.0 = Debug|Win32
		{8236BBCF-FEB2-4A70-A633-90488EE65D63}.Release|x64.ActiveCfg = Release|x64
		{8236BBCF-FEB2-4A70-A633-90488EE65D63}.Release|x64.Build.0 = Release|x64
		{8236BBCF-FEB2-4A70-A633-90488EE65D63}.Release|x86.ActiveCfg = Release|Win32
		{8236BBCF-FEB2-4A70-A633-90488EE65D63}.Release|x86.Build.0 = Release|Win32
		{B4212984-8576-328A-823D-AEC783FAC72F}.Debug|x64.ActiveCfg = Debug|x64
		{B4212984-8576-328A-823D-AEC783FAC72F}.Debug|x64.Build.0 = Debug|x64
		{B4212984-8576-328A-823D-AEC783FAC72F}.Debug|x86.ActiveCfg = Debug|x64
		{B4212984-8576-328A-823D-AEC783FAC72F}.Release|x64.ActiveCfg = Release|x64
		{B4212984-8576-328A-823D-AEC783FAC72F}.Release|x64.Build.0 = Release|x64
		{B4212984-8576-328A-823D-AEC783FAC72F}.Release|x86.ActiveCfg = Release|x64
		{15895EB2-E8D7-47D2-9C79-4908F70264DC}.Debug|x64.ActiveCfg = Debug|x64
		{15895EB2-E8D7-47D2-9C79-4908F70264DC}.Debug|x64.Build.0 = Debug|x64
		{15895EB2-E8D7-47D2-9C79-4908F70264DC}.Debug|x86.ActiveCfg = Debug|Win32
		{15895EB2-E8D7-47D2-9C79-4908F70264DC}.Debug|x86.Build.0 = Debug|Win32
		{15895EB2-E8D7-47D2-9C79-4908F70264DC}.Release|x64.ActiveCfg = Release|x64
		{15895EB2-E8D7-47D2-9C79-4908F70264DC}.Release|x64.Build.0 = Release|x64
		{15895EB2-E8D7-47D2-9C79-4908F70264DC}.Release|x86.ActiveCfg = Release|Win32
		{15895EB2-E8D7-47D2-9C79-4908F70264DC}.Release|x86.Build.0 = Release|Win32
	EndGlobalSection
	GlobalSection(SolutionProperties) = preSolution
		HideSolutionNode = FALSE
	EndGlobalSection
	GlobalSection(NestedProjects) = preSolution
		{9A52DC98-8BB1-4F61-A40D-D85F5FABECCD} = {68D35C3A-2161-4CAB-955F-6AA97D1BA45A}
		{7898DB31-725C-464D-ABB0-663D8459DDB6} = {AC7EFC99-1952-41F2-ACAC-848F14A2B20B}
		{2565503F-5B91-49F0-A48C-CE533AE6DCC0} = {AC7EFC99-1952-41F2-ACAC-848F14A2B20B}
		{A92EBB5C-00AB-44FC-9103-824B26B59AB1} = {68D35C3A-2161-4CAB-955F-6AA97D1BA45A}
		{5CB55A45-58B9-4638-AB98-75FDEF59458C} = {68D35C3A-2161-4CAB-955F-6AA97D1BA45A}
		{A3A77A64-318E-4F5F-BCC9-D4F690522851} = {AC7EFC99-1952-41F2-ACAC-848F14A2B20B}
		{7F56C690-E138-4336-A623-34629926B8A3} = {AC7EFC99-1952-41F2-ACAC-848F14A2B20B}
		{BF51A1B8-F0A7-4CE9-A5DE-F1486F5499DA} = {68D35C3A-2161-4CAB-955F-6AA97D1BA45A}
		{00A19862-A352-4450-9E63-6D196280B8DE} = {68D35C3A-2161-4CAB-955F-6AA97D1BA45A}
		{584F8ECB-8167-3994-BD22-7F8F4B1E523B} = {68D35C3A-2161-4CAB-955F-6AA97D1BA45A}
		{8236BBCF-FEB2-4A70-A633-90488EE65D63} = {AC7EFC99-1952-41F2-ACAC-848F14A2B20B}
		{B4212984-8576-328A-823D-AEC783FAC72F} = {AC7EFC99-1952-41F2-ACAC-848F14A2B20B}
		{15895EB2-E8D7-47D2-9C79-4908F70264DC} = {AC7EFC99-1952-41F2-ACAC-848F14A2B20B}
	EndGlobalSection
	GlobalSection(ExtensibilityGlobals) = postSolution
		SolutionGuid = {F842CBAF-C8D4-4BC0-A339-B1DBCF47C0A0}
	EndGlobalSection
EndGlobal
